
Microsoft Visual Studio Solution File, Format Version 12.00
# Visual Studio 15
VisualStudioVersion = 15.0.27004.2010
MinimumVisualStudioVersion = 10.0.40219.1
Project("{FAE04EC0-301F-11D3-BF4B-00C04F79EFBC}") = "AttachFileManager", "AttachFileManager\AttachFileManager.csproj", "{046BC766-EAF6-4CCF-AC86-8A531685A709}"
EndProject
Project("{FAE04EC0-301F-11D3-BF4B-00C04F79EFBC}") = "All", "All\All.csproj", "{D58E0E0D-45AC-44CD-96DF-601F75162FB7}"
EndProject
Project("{00D1A9C2-B5F0-4AF3-8072-F6C62B433612}") = "AttachFileManager.Database", "AttachFileManager.Database\AttachFileManager.Database.sqlproj", "{0683DC7B-BD8C-4530-A1F3-899E41717059}"
EndProject
Project("{FAE04EC0-301F-11D3-BF4B-00C04F79EFBC}") = "Hawaso.Standard", "Hawaso.Standard\Hawaso.Standard.csproj", "{8C5EAD08-9CE3-4191-8A32-399E638B7271}"
EndProject
Global
	GlobalSection(SolutionConfigurationPlatforms) = preSolution
		Debug|Any CPU = Debug|Any CPU
		Release|Any CPU = Release|Any CPU
	EndGlobalSection
	GlobalSection(ProjectConfigurationPlatforms) = postSolution
		{046BC766-EAF6-4CCF-AC86-8A531685A709}.Debug|Any CPU.ActiveCfg = Debug|Any CPU
		{046BC766-EAF6-4CCF-AC86-8A531685A709}.Debug|Any CPU.Build.0 = Debug|Any CPU
		{046BC766-EAF6-4CCF-AC86-8A531685A709}.Release|Any CPU.ActiveCfg = Release|Any CPU
		{046BC766-EAF6-4CCF-AC86-8A531685A709}.Release|Any CPU.Build.0 = Release|Any CPU
		{D58E0E0D-45AC-44CD-96DF-601F75162FB7}.Debug|Any CPU.ActiveCfg = Debug|Any CPU
		{D58E0E0D-45AC-44CD-96DF-601F75162FB7}.Debug|Any CPU.Build.0 = Debug|Any CPU
		{D58E0E0D-45AC-44CD-96DF-601F75162FB7}.Release|Any CPU.ActiveCfg = Release|Any CPU
		{D58E0E0D-45AC-44CD-96DF-601F75162FB7}.Release|Any CPU.Build.0 = Release|Any CPU
		{0683DC7B-BD8C-4530-A1F3-899E41717059}.Debug|Any CPU.ActiveCfg = Debug|Any CPU
		{0683DC7B-BD8C-4530-A1F3-899E41717059}.Debug|Any CPU.Build.0 = Debug|Any CPU
		{0683DC7B-BD8C-4530-A1F3-899E41717059}.Debug|Any CPU.Deploy.0 = Debug|Any CPU
		{0683DC7B-BD8C-4530-A1F3-899E41717059}.Release|Any CPU.ActiveCfg = Release|Any CPU
		{0683DC7B-BD8C-4530-A1F3-899E41717059}.Release|Any CPU.Build.0 = Release|Any CPU
		{0683DC7B-BD8C-4530-A1F3-899E41717059}.Release|Any CPU.Deploy.0 = Release|Any CPU
		{8C5EAD08-9CE3-4191-8A32-399E638B7271}.Debug|Any CPU.ActiveCfg = Debug|Any CPU
		{8C5EAD08-9CE3-4191-8A32-399E638B7271}.Debug|Any CPU.Build.0 = Debug|Any CPU
		{8C5EAD08-9CE3-4191-8A32-399E638B7271}.Release|Any CPU.ActiveCfg = Release|Any CPU
		{8C5EAD08-9CE3-4191-8A32-399E638B7271}.Release|Any CPU.Build.0 = Release|Any CPU
	EndGlobalSection
	GlobalSection(SolutionProperties) = preSolution
		HideSolutionNode = FALSE
	EndGlobalSection
	GlobalSection(ExtensibilityGlobals) = postSolution
		SolutionGuid = {EF43C9BF-941C-4020-A522-25432AEE5667}
	EndGlobalSection
EndGlobal
